
Microsoft Visual Studio Solution File, Format Version 12.00
# Visual Studio Version 16
VisualStudioVersion = 16.0.30204.135
MinimumVisualStudioVersion = 10.0.40219.1
Project("{2150E333-8FDC-42A3-9474-1A3956D46DE8}") = "0-Presentation", "0-Presentation", "{8F991ADA-C2E8-40F9-8F03-335E9759BB67}"
EndProject
Project("{2150E333-8FDC-42A3-9474-1A3956D46DE8}") = "1-Services", "1-Services", "{DE615E99-1CE5-4035-9166-A08EA7E0769E}"
EndProject
Project("{2150E333-8FDC-42A3-9474-1A3956D46DE8}") = "2-Application", "2-Application", "{DC59FE10-DB14-470B-9A49-F41EC1F1F1DE}"
EndProject
Project("{2150E333-8FDC-42A3-9474-1A3956D46DE8}") = "3-Domain", "3-Domain", "{8C465CCC-7814-4BDE-837F-27924B0B41EB}"
EndProject
Project("{2150E333-8FDC-42A3-9474-1A3956D46DE8}") = "4-Infra", "4-Infra", "{F276F315-2630-4325-863C-320B97B4B3E0}"
EndProject
Project("{2150E333-8FDC-42A3-9474-1A3956D46DE8}") = "4.1-CrossCutting", "4.1-CrossCutting", "{742ECE70-5503-4913-8E81-30AE49A8E87F}"
EndProject
Project("{2150E333-8FDC-42A3-9474-1A3956D46DE8}") = "4.2-Data", "4.2-Data", "{525FDE16-07D7-4554-91AA-D2DB60BA8A69}"
EndProject
Project("{FAE04EC0-301F-11D3-BF4B-00C04F79EFBC}") = "ModeloDDD.MVC", "ModeloDDD.MVC\ModeloDDD.MVC.csproj", "{B76D1DDB-AD9A-413D-B82D-197AAF6DA2CA}"
EndProject
Project("{FAE04EC0-301F-11D3-BF4B-00C04F79EFBC}") = "ModeloDDD.Application", "ModeloDDD.Application\ModeloDDD.Application.csproj", "{B5046332-D11E-40DF-A592-06F7548C6DF7}"
EndProject
Project("{FAE04EC0-301F-11D3-BF4B-00C04F79EFBC}") = "ModeloDDD.Domain", "ModeloDDD.Domain\ModeloDDD.Domain.csproj", "{48B4E98A-6ED0-412A-887B-68305249271B}"
EndProject
Project("{FAE04EC0-301F-11D3-BF4B-00C04F79EFBC}") = "ModeloDDD.Infra.Data", "ModeloDDD.Infra.Data\ModeloDDD.Infra.Data.csproj", "{AA9A1D41-237B-4B55-A607-5AFEF87A4F1D}"
EndProject
Global
	GlobalSection(SolutionConfigurationPlatforms) = preSolution
		Debug|Any CPU = Debug|Any CPU
		Release|Any CPU = Release|Any CPU
	EndGlobalSection
	GlobalSection(ProjectConfigurationPlatforms) = postSolution
		{B76D1DDB-AD9A-413D-B82D-197AAF6DA2CA}.Debug|Any CPU.ActiveCfg = Debug|Any CPU
		{B76D1DDB-AD9A-413D-B82D-197AAF6DA2CA}.Debug|Any CPU.Build.0 = Debug|Any CPU
		{B76D1DDB-AD9A-413D-B82D-197AAF6DA2CA}.Release|Any CPU.ActiveCfg = Release|Any CPU
		{B76D1DDB-AD9A-413D-B82D-197AAF6DA2CA}.Release|Any CPU.Build.0 = Release|Any CPU
		{B5046332-D11E-40DF-A592-06F7548C6DF7}.Debug|Any CPU.ActiveCfg = Debug|Any CPU
		{B5046332-D11E-40DF-A592-06F7548C6DF7}.Debug|Any CPU.Build.0 = Debug|Any CPU
		{B5046332-D11E-40DF-A592-06F7548C6DF7}.Release|Any CPU.ActiveCfg = Release|Any CPU
		{B5046332-D11E-40DF-A592-06F7548C6DF7}.Release|Any CPU.Build.0 = Release|Any CPU
		{48B4E98A-6ED0-412A-887B-68305249271B}.Debug|Any CPU.ActiveCfg = Debug|Any CPU
		{48B4E98A-6ED0-412A-887B-68305249271B}.Debug|Any CPU.Build.0 = Debug|Any CPU
		{48B4E98A-6ED0-412A-887B-68305249271B}.Release|Any CPU.ActiveCfg = Release|Any CPU
		{48B4E98A-6ED0-412A-887B-68305249271B}.Release|Any CPU.Build.0 = Release|Any CPU
		{AA9A1D41-237B-4B55-A607-5AFEF87A4F1D}.Debug|Any CPU.ActiveCfg = Debug|Any CPU
		{AA9A1D41-237B-4B55-A607-5AFEF87A4F1D}.Debug|Any CPU.Build.0 = Debug|Any CPU
		{AA9A1D41-237B-4B55-A607-5AFEF87A4F1D}.Release|Any CPU.ActiveCfg = Release|Any CPU
		{AA9A1D41-237B-4B55-A607-5AFEF87A4F1D}.Release|Any CPU.Build.0 = Release|Any CPU
	EndGlobalSection
	GlobalSection(SolutionProperties) = preSolution
		HideSolutionNode = FALSE
	EndGlobalSection
	GlobalSection(NestedProjects) = preSolution
		{742ECE70-5503-4913-8E81-30AE49A8E87F} = {F276F315-2630-4325-863C-320B97B4B3E0}
		{525FDE16-07D7-4554-91AA-D2DB60BA8A69} = {F276F315-2630-4325-863C-320B97B4B3E0}
		{B76D1DDB-AD9A-413D-B82D-197AAF6DA2CA} = {8F991ADA-C2E8-40F9-8F03-335E9759BB67}
		{B5046332-D11E-40DF-A592-06F7548C6DF7} = {DC59FE10-DB14-470B-9A49-F41EC1F1F1DE}
		{48B4E98A-6ED0-412A-887B-68305249271B} = {8C465CCC-7814-4BDE-837F-27924B0B41EB}
		{AA9A1D41-237B-4B55-A607-5AFEF87A4F1D} = {525FDE16-07D7-4554-91AA-D2DB60BA8A69}
	EndGlobalSection
	GlobalSection(ExtensibilityGlobals) = postSolution
		SolutionGuid = {E239CB75-04DB-45D1-B0D1-6F5FC26312BC}
	EndGlobalSection
EndGlobal
